
Microsoft Visual Studio Solution File, Format Version 12.00
# Visual Studio 2013
VisualStudioVersion = 12.0.21005.1
MinimumVisualStudioVersion = 10.0.40219.1
Project("{FAE04EC0-301F-11D3-BF4B-00C04F79EFBC}") = "MvcApplication1", "MvcApplication1\MvcApplication1.csproj", "{F3685CA7-9B60-4116-8D6A-A043C77B415F}"
EndProject
Project("{FAE04EC0-301F-11D3-BF4B-00C04F79EFBC}") = "MvcApplication1.Tests", "MvcApplication1.Tests\MvcApplication1.Tests.csproj", "{1E80B664-EDB0-49CA-B534-E1F492E13601}"
EndProject
Global
	GlobalSection(SolutionConfigurationPlatforms) = preSolution
		Debug|Any CPU = Debug|Any CPU
		Release|Any CPU = Release|Any CPU
	EndGlobalSection
	GlobalSection(ProjectConfigurationPlatforms) = postSolution
		{F3685CA7-9B60-4116-8D6A-A043C77B415F}.Debug|Any CPU.ActiveCfg = Debug|Any CPU
		{F3685CA7-9B60-4116-8D6A-A043C77B415F}.Debug|Any CPU.Build.0 = Debug|Any CPU
		{F3685CA7-9B60-4116-8D6A-A043C77B415F}.Release|Any CPU.ActiveCfg = Release|Any CPU
		{F3685CA7-9B60-4116-8D6A-A043C77B415F}.Release|Any CPU.Build.0 = Release|Any CPU
		{1E80B664-EDB0-49CA-B534-E1F492E13601}.Debug|Any CPU.ActiveCfg = Debug|Any CPU
		{1E80B664-EDB0-49CA-B534-E1F492E13601}.Debug|Any CPU.Build.0 = Debug|Any CPU
		{1E80B664-EDB0-49CA-B534-E1F492E13601}.Release|Any CPU.ActiveCfg = Release|Any CPU
		{1E80B664-EDB0-49CA-B534-E1F492E13601}.Release|Any CPU.Build.0 = Release|Any CPU
	EndGlobalSection
	GlobalSection(SolutionProperties) = preSolution
		HideSolutionNode = FALSE
	EndGlobalSection
EndGlobal
